# This file is automatically @generated by Cargo.
# It is not intended for manual editing.
version = 4

[[package]]
name = "ec4rs"
version = "1.2.0"
source = "registry+https://github.com/rust-lang/crates.io-index"
checksum = "3b31a881d38439026e3d5dd938ab20328d36e23caca8fd5981c42e4b677f5842"

[[package]]
name = "zincite-fmt"
version = "0.1.0"
dependencies = [
 "ec4rs",
 "zincite-syntax",
]

[[package]]
name = "zincite-lint"
version = "0.1.0"
dependencies = [
 "zincite-syntax",
]

[[package]]
name = "zincite-syntax"
version = "0.1.0"
